# This file is automatically @generated by Cargo.
# It is not intended for manual editing.
version = 4

[[package]]
name = "bitflags"
version = "2.7.0"
source = "registry+https://github.com/rust-lang/crates.io-index"
checksum = "1be3f42a67d6d345ecd59f675f3f012d6974981560836e938c22b424b85ce1be"

[[package]]
name = "libc"
version = "0.2.169"
source = "registry+https://github.com/rust-lang/crates.io-index"
checksum = "b5aba8db14291edd000dfcc4d620c7ebfb122c613afb886ca8803fa4e128a20a"

[[package]]
name = "libredox"
version = "0.1.3"
source = "registry+https://github.com/rust-lang/crates.io-index"
checksum = "c0ff37bd590ca25063e35af745c343cb7a0271906fb7b37e4813e8f79f00268d"
dependencies = [
 "bitflags",
 "libc",
 "redox_syscall",
]

[[package]]
name = "maybe-uninit"
version = "2.0.0"
source = "registry+https://github.com/rust-lang/crates.io-index"
checksum = "60302e4db3a61da70c0cb7991976248362f30319e88850c487b9b95bbf059e00"

[[package]]
name = "numtoa"
version = "0.2.4"
source = "registry+https://github.com/rust-lang/crates.io-index"
checksum = "6aa2c4e539b869820a2b82e1aef6ff40aa85e65decdd5185e83fb4b1249cd00f"

[[package]]
name = "progress"
version = "0.1.0"
dependencies = [
 "read_char",
 "termion",
]

[[package]]
name = "read_char"
version = "0.1.1"
source = "registry+https://github.com/rust-lang/crates.io-index"
checksum = "0f803565a87502a15ef665d375e341c657de382dbf11c0eddca6b15bb82329ab"
dependencies = [
 "smallvec",
]

[[package]]
name = "redox_syscall"
version = "0.5.8"
source = "registry+https://github.com/rust-lang/crates.io-index"
checksum = "03a862b389f93e68874fbf580b9de08dd02facb9a788ebadaf4a3fd33cf58834"
dependencies = [
 "bitflags",
]

[[package]]
name = "redox_termios"
version = "0.1.3"
source = "registry+https://github.com/rust-lang/crates.io-index"
checksum = "20145670ba436b55d91fc92d25e71160fbfbdd57831631c8d7d36377a476f1cb"

[[package]]
name = "smallvec"
version = "0.6.14"
source = "registry+https://github.com/rust-lang/crates.io-index"
checksum = "b97fcaeba89edba30f044a10c6a3cc39df9c3f17d7cd829dd1446cab35f890e0"
dependencies = [
 "maybe-uninit",
]

[[package]]
name = "termion"
version = "4.0.3"
source = "registry+https://github.com/rust-lang/crates.io-index"
checksum = "7eaa98560e51a2cf4f0bb884d8b2098a9ea11ecf3b7078e9c68242c74cc923a7"
dependencies = [
 "libc",
 "libredox",
 "numtoa",
 "redox_termios",
]
